
Microsoft Visual Studio Solution File, Format Version 12.00
# Visual Studio Version 17
VisualStudioVersion = 17.0.31903.59
MinimumVisualStudioVersion = 10.0.40219.1
Project("{2150E333-8FDC-42A3-9474-1A3956D46DE8}") = "src", "src", "{7DD6B2F8-8986-4FC8-9588-BF9E24F640AC}"
EndProject
Project("{2150E333-8FDC-42A3-9474-1A3956D46DE8}") = "Core", "Core", "{89DEF690-D7DD-46E5-A61D-483AF9433382}"
EndProject
Project("{FAE04EC0-301F-11D3-BF4B-00C04F79EFBC}") = "FootballForum.Domain", "src\Core\FootballForum.Domain\FootballForum.Domain.csproj", "{76854C9B-04BB-4A12-99F5-B9095CF13C8F}"
EndProject
Project("{FAE04EC0-301F-11D3-BF4B-00C04F79EFBC}") = "FootballForum.Application", "src\Core\FootballForum.Application\FootballForum.Application.csproj", "{62322CC2-92E4-4C69-BCE4-BB4B9F66D105}"
EndProject
Project("{2150E333-8FDC-42A3-9474-1A3956D46DE8}") = "Infrastructure", "Infrastructure", "{E5128D2B-200A-419D-B668-72FE8DC643DF}"
EndProject
Project("{FAE04EC0-301F-11D3-BF4B-00C04F79EFBC}") = "FootballForum.Infrastructure", "src\Infrastructure\FootballForum.Infrastructure\FootballForum.Infrastructure.csproj", "{18800BBF-9FEF-454F-A1AF-0C37C1BD7A7E}"
EndProject
Project("{FAE04EC0-301F-11D3-BF4B-00C04F79EFBC}") = "FootballForum.Persistence", "src\Infrastructure\FootballForum.Persistence\FootballForum.Persistence.csproj", "{86E86246-1385-4152-907B-239813C63B42}"
EndProject
Project("{FAE04EC0-301F-11D3-BF4B-00C04F79EFBC}") = "FootballForum.WebAPI", "src\FootballForum.WebAPI\FootballForum.WebAPI.csproj", "{561EA929-6C48-441D-A123-DEC07E6A860E}"
EndProject
Global
	GlobalSection(SolutionConfigurationPlatforms) = preSolution
		Debug|Any CPU = Debug|Any CPU
		Release|Any CPU = Release|Any CPU
	EndGlobalSection
	GlobalSection(SolutionProperties) = preSolution
		HideSolutionNode = FALSE
	EndGlobalSection
	GlobalSection(ProjectConfigurationPlatforms) = postSolution
		{76854C9B-04BB-4A12-99F5-B9095CF13C8F}.Debug|Any CPU.ActiveCfg = Debug|Any CPU
		{76854C9B-04BB-4A12-99F5-B9095CF13C8F}.Debug|Any CPU.Build.0 = Debug|Any CPU
		{76854C9B-04BB-4A12-99F5-B9095CF13C8F}.Release|Any CPU.ActiveCfg = Release|Any CPU
		{76854C9B-04BB-4A12-99F5-B9095CF13C8F}.Release|Any CPU.Build.0 = Release|Any CPU
		{62322CC2-92E4-4C69-BCE4-BB4B9F66D105}.Debug|Any CPU.ActiveCfg = Debug|Any CPU
		{62322CC2-92E4-4C69-BCE4-BB4B9F66D105}.Debug|Any CPU.Build.0 = Debug|Any CPU
		{62322CC2-92E4-4C69-BCE4-BB4B9F66D105}.Release|Any CPU.ActiveCfg = Release|Any CPU
		{62322CC2-92E4-4C69-BCE4-BB4B9F66D105}.Release|Any CPU.Build.0 = Release|Any CPU
		{18800BBF-9FEF-454F-A1AF-0C37C1BD7A7E}.Debug|Any CPU.ActiveCfg = Debug|Any CPU
		{18800BBF-9FEF-454F-A1AF-0C37C1BD7A7E}.Debug|Any CPU.Build.0 = Debug|Any CPU
		{18800BBF-9FEF-454F-A1AF-0C37C1BD7A7E}.Release|Any CPU.ActiveCfg = Release|Any CPU
		{18800BBF-9FEF-454F-A1AF-0C37C1BD7A7E}.Release|Any CPU.Build.0 = Release|Any CPU
		{86E86246-1385-4152-907B-239813C63B42}.Debug|Any CPU.ActiveCfg = Debug|Any CPU
		{86E86246-1385-4152-907B-239813C63B42}.Debug|Any CPU.Build.0 = Debug|Any CPU
		{86E86246-1385-4152-907B-239813C63B42}.Release|Any CPU.ActiveCfg = Release|Any CPU
		{86E86246-1385-4152-907B-239813C63B42}.Release|Any CPU.Build.0 = Release|Any CPU
		{561EA929-6C48-441D-A123-DEC07E6A860E}.Debug|Any CPU.ActiveCfg = Debug|Any CPU
		{561EA929-6C48-441D-A123-DEC07E6A860E}.Debug|Any CPU.Build.0 = Debug|Any CPU
		{561EA929-6C48-441D-A123-DEC07E6A860E}.Release|Any CPU.ActiveCfg = Release|Any CPU
		{561EA929-6C48-441D-A123-DEC07E6A860E}.Release|Any CPU.Build.0 = Release|Any CPU
	EndGlobalSection
	GlobalSection(NestedProjects) = preSolution
		{89DEF690-D7DD-46E5-A61D-483AF9433382} = {7DD6B2F8-8986-4FC8-9588-BF9E24F640AC}
		{76854C9B-04BB-4A12-99F5-B9095CF13C8F} = {89DEF690-D7DD-46E5-A61D-483AF9433382}
		{62322CC2-92E4-4C69-BCE4-BB4B9F66D105} = {89DEF690-D7DD-46E5-A61D-483AF9433382}
		{E5128D2B-200A-419D-B668-72FE8DC643DF} = {7DD6B2F8-8986-4FC8-9588-BF9E24F640AC}
		{18800BBF-9FEF-454F-A1AF-0C37C1BD7A7E} = {E5128D2B-200A-419D-B668-72FE8DC643DF}
		{86E86246-1385-4152-907B-239813C63B42} = {E5128D2B-200A-419D-B668-72FE8DC643DF}
		{561EA929-6C48-441D-A123-DEC07E6A860E} = {7DD6B2F8-8986-4FC8-9588-BF9E24F640AC}
	EndGlobalSection
EndGlobal
